
Microsoft Visual Studio Solution File, Format Version 12.00
# Visual Studio Version 16
VisualStudioVersion = 16.0.29418.71
MinimumVisualStudioVersion = 10.0.40219.1
Project("{8BC9CEB8-8B4A-11D0-8D11-00A0C91BC942}") = "EasyWinPcap", "EasyWinPcap.vcxproj", "{BAE925F0-CC8C-4EE7-A378-906CAFB05BDD}"
EndProject
Global
	GlobalSection(SolutionConfigurationPlatforms) = preSolution
		Debug|x64 = Debug|x64
		Debug|x86 = Debug|x86
		Release|x64 = Release|x64
		Release|x86 = Release|x86
	EndGlobalSection
	GlobalSection(ProjectConfigurationPlatforms) = postSolution
		{BAE925F0-CC8C-4EE7-A378-906CAFB05BDD}.Debug|x64.ActiveCfg = Debug|x64
		{BAE925F0-CC8C-4EE7-A378-906CAFB05BDD}.Debug|x64.Build.0 = Debug|x64
		{BAE925F0-CC8C-4EE7-A378-906CAFB05BDD}.Debug|x86.ActiveCfg = Debug|Win32
		{BAE925F0-CC8C-4EE7-A378-906CAFB05BDD}.Debug|x86.Build.0 = Debug|Win32
		{BAE925F0-CC8C-4EE7-A378-906CAFB05BDD}.Release|x64.ActiveCfg = Release|x64
		{BAE925F0-CC8C-4EE7-A378-906CAFB05BDD}.Release|x64.Build.0 = Release|x64
		{BAE925F0-CC8C-4EE7-A378-906CAFB05BDD}.Release|x86.ActiveCfg = Release|Win32
		{BAE925F0-CC8C-4EE7-A378-906CAFB05BDD}.Release|x86.Build.0 = Release|Win32
	EndGlobalSection
	GlobalSection(SolutionProperties) = preSolution
		HideSolutionNode = FALSE
	EndGlobalSection
	GlobalSection(ExtensibilityGlobals) = postSolution
		SolutionGuid = {6F21AD24-1378-4FB1-96C2-AACABB4A023A}
	EndGlobalSection
EndGlobal
